
Microsoft Visual Studio Solution File, Format Version 12.00
# Visual Studio 15
VisualStudioVersion = 15.0.26730.8
MinimumVisualStudioVersion = 10.0.40219.1
Project("{FAE04EC0-301F-11D3-BF4B-00C04F79EFBC}") = "HelloWorld", "HewwoWorld\HelloWorld.csproj", "{804DAEAA-6075-4DA9-84EC-A0FB9839E305}"
EndProject
Project("{FAE04EC0-301F-11D3-BF4B-00C04F79EFBC}") = "Variables", "ConsoleApp1\Variables.csproj", "{79C8F57C-C950-4DE4-8684-D1F0AE6D4034}"
EndProject
Global
	GlobalSection(SolutionConfigurationPlatforms) = preSolution
		Debug|Any CPU = Debug|Any CPU
		Release|Any CPU = Release|Any CPU
	EndGlobalSection
	GlobalSection(ProjectConfigurationPlatforms) = postSolution
		{804DAEAA-6075-4DA9-84EC-A0FB9839E305}.Debug|Any CPU.ActiveCfg = Debug|Any CPU
		{804DAEAA-6075-4DA9-84EC-A0FB9839E305}.Debug|Any CPU.Build.0 = Debug|Any CPU
		{804DAEAA-6075-4DA9-84EC-A0FB9839E305}.Release|Any CPU.ActiveCfg = Release|Any CPU
		{804DAEAA-6075-4DA9-84EC-A0FB9839E305}.Release|Any CPU.Build.0 = Release|Any CPU
		{79C8F57C-C950-4DE4-8684-D1F0AE6D4034}.Debug|Any CPU.ActiveCfg = Debug|Any CPU
		{79C8F57C-C950-4DE4-8684-D1F0AE6D4034}.Debug|Any CPU.Build.0 = Debug|Any CPU
		{79C8F57C-C950-4DE4-8684-D1F0AE6D4034}.Release|Any CPU.ActiveCfg = Release|Any CPU
		{79C8F57C-C950-4DE4-8684-D1F0AE6D4034}.Release|Any CPU.Build.0 = Release|Any CPU
	EndGlobalSection
	GlobalSection(SolutionProperties) = preSolution
		HideSolutionNode = FALSE
	EndGlobalSection
	GlobalSection(ExtensibilityGlobals) = postSolution
		SolutionGuid = {0D00D794-4793-425A-9F12-87E841969AD1}
	EndGlobalSection
EndGlobal
